
Microsoft Visual Studio Solution File, Format Version 12.00
# Visual Studio 15
VisualStudioVersion = 15.0.28307.1082
MinimumVisualStudioVersion = 10.0.40219.1
Project("{FAE04EC0-301F-11D3-BF4B-00C04F79EFBC}") = "Academy", "Academy\Academy.csproj", "{4983D787-8374-4514-8017-8BB7BA130798}"
EndProject
Project("{FAE04EC0-301F-11D3-BF4B-00C04F79EFBC}") = "Files", "Files\Files.csproj", "{BADE56AC-7069-4F06-9CF1-DDC5777C679D}"
EndProject
Project("{FAE04EC0-301F-11D3-BF4B-00C04F79EFBC}") = "AbstractClass", "AbstractClass\AbstractClass.csproj", "{713312F1-7137-4726-B22E-FC03FC77574A}"
EndProject
Global
	GlobalSection(SolutionConfigurationPlatforms) = preSolution
		Debug|Any CPU = Debug|Any CPU
		Release|Any CPU = Release|Any CPU
	EndGlobalSection
	GlobalSection(ProjectConfigurationPlatforms) = postSolution
		{4983D787-8374-4514-8017-8BB7BA130798}.Debug|Any CPU.ActiveCfg = Debug|Any CPU
		{4983D787-8374-4514-8017-8BB7BA130798}.Debug|Any CPU.Build.0 = Debug|Any CPU
		{4983D787-8374-4514-8017-8BB7BA130798}.Release|Any CPU.ActiveCfg = Release|Any CPU
		{4983D787-8374-4514-8017-8BB7BA130798}.Release|Any CPU.Build.0 = Release|Any CPU
		{BADE56AC-7069-4F06-9CF1-DDC5777C679D}.Debug|Any CPU.ActiveCfg = Debug|Any CPU
		{BADE56AC-7069-4F06-9CF1-DDC5777C679D}.Debug|Any CPU.Build.0 = Debug|Any CPU
		{BADE56AC-7069-4F06-9CF1-DDC5777C679D}.Release|Any CPU.ActiveCfg = Release|Any CPU
		{BADE56AC-7069-4F06-9CF1-DDC5777C679D}.Release|Any CPU.Build.0 = Release|Any CPU
		{713312F1-7137-4726-B22E-FC03FC77574A}.Debug|Any CPU.ActiveCfg = Debug|Any CPU
		{713312F1-7137-4726-B22E-FC03FC77574A}.Debug|Any CPU.Build.0 = Debug|Any CPU
		{713312F1-7137-4726-B22E-FC03FC77574A}.Release|Any CPU.ActiveCfg = Release|Any CPU
		{713312F1-7137-4726-B22E-FC03FC77574A}.Release|Any CPU.Build.0 = Release|Any CPU
	EndGlobalSection
	GlobalSection(SolutionProperties) = preSolution
		HideSolutionNode = FALSE
	EndGlobalSection
	GlobalSection(ExtensibilityGlobals) = postSolution
		SolutionGuid = {B4F5DDB5-6E32-4514-B6ED-97EB6B4C6057}
	EndGlobalSection
EndGlobal
