
Microsoft Visual Studio Solution File, Format Version 12.00
# Visual Studio 15
VisualStudioVersion = 15.0.28307.1082
MinimumVisualStudioVersion = 10.0.40219.1
Project("{FAE04EC0-301F-11D3-BF4B-00C04F79EFBC}") = "Introduction", "Introduction\Introduction.csproj", "{7F8E0850-CE64-4356-898B-188AA9848BAD}"
EndProject
Project("{FAE04EC0-301F-11D3-BF4B-00C04F79EFBC}") = "DataTypes", "DataTypes\DataTypes.csproj", "{65099395-B6F1-4506-95BE-E5C8AA671CB7}"
EndProject
Project("{FAE04EC0-301F-11D3-BF4B-00C04F79EFBC}") = "Calc", "Calc\Calc.csproj", "{9B51F324-FE15-476D-8C49-39E6FD21CFBD}"
EndProject
Project("{FAE04EC0-301F-11D3-BF4B-00C04F79EFBC}") = "Arrays", "Arrays\Arrays.csproj", "{02D3C543-8AEC-4391-AE44-341015A8845D}"
EndProject
Global
	GlobalSection(SolutionConfigurationPlatforms) = preSolution
		Debug|Any CPU = Debug|Any CPU
		Release|Any CPU = Release|Any CPU
	EndGlobalSection
	GlobalSection(ProjectConfigurationPlatforms) = postSolution
		{7F8E0850-CE64-4356-898B-188AA9848BAD}.Debug|Any CPU.ActiveCfg = Debug|Any CPU
		{7F8E0850-CE64-4356-898B-188AA9848BAD}.Debug|Any CPU.Build.0 = Debug|Any CPU
		{7F8E0850-CE64-4356-898B-188AA9848BAD}.Release|Any CPU.ActiveCfg = Release|Any CPU
		{7F8E0850-CE64-4356-898B-188AA9848BAD}.Release|Any CPU.Build.0 = Release|Any CPU
		{65099395-B6F1-4506-95BE-E5C8AA671CB7}.Debug|Any CPU.ActiveCfg = Debug|Any CPU
		{65099395-B6F1-4506-95BE-E5C8AA671CB7}.Debug|Any CPU.Build.0 = Debug|Any CPU
		{65099395-B6F1-4506-95BE-E5C8AA671CB7}.Release|Any CPU.ActiveCfg = Release|Any CPU
		{65099395-B6F1-4506-95BE-E5C8AA671CB7}.Release|Any CPU.Build.0 = Release|Any CPU
		{9B51F324-FE15-476D-8C49-39E6FD21CFBD}.Debug|Any CPU.ActiveCfg = Debug|Any CPU
		{9B51F324-FE15-476D-8C49-39E6FD21CFBD}.Debug|Any CPU.Build.0 = Debug|Any CPU
		{9B51F324-FE15-476D-8C49-39E6FD21CFBD}.Release|Any CPU.ActiveCfg = Release|Any CPU
		{9B51F324-FE15-476D-8C49-39E6FD21CFBD}.Release|Any CPU.Build.0 = Release|Any CPU
		{02D3C543-8AEC-4391-AE44-341015A8845D}.Debug|Any CPU.ActiveCfg = Debug|Any CPU
		{02D3C543-8AEC-4391-AE44-341015A8845D}.Debug|Any CPU.Build.0 = Debug|Any CPU
		{02D3C543-8AEC-4391-AE44-341015A8845D}.Release|Any CPU.ActiveCfg = Release|Any CPU
		{02D3C543-8AEC-4391-AE44-341015A8845D}.Release|Any CPU.Build.0 = Release|Any CPU
	EndGlobalSection
	GlobalSection(SolutionProperties) = preSolution
		HideSolutionNode = FALSE
	EndGlobalSection
	GlobalSection(ExtensibilityGlobals) = postSolution
		SolutionGuid = {9AC3F379-E4E3-4F92-BEA7-277C2E47893A}
	EndGlobalSection
EndGlobal
